
Microsoft Visual Studio Solution File, Format Version 12.00
# Visual Studio Version 17
VisualStudioVersion = 17.1.32421.90
MinimumVisualStudioVersion = 10.0.40219.1
Project("{FAE04EC0-301F-11D3-BF4B-00C04F79EFBC}") = "Factors", "Factors.csproj", "{AFED2972-656D-4F2B-A129-5E50E59DDBE5}"
EndProject
Global
	GlobalSection(SolutionConfigurationPlatforms) = preSolution
		Debug|Any CPU = Debug|Any CPU
		Release|Any CPU = Release|Any CPU
	EndGlobalSection
	GlobalSection(ProjectConfigurationPlatforms) = postSolution
		{AFED2972-656D-4F2B-A129-5E50E59DDBE5}.Debug|Any CPU.ActiveCfg = Debug|Any CPU
		{AFED2972-656D-4F2B-A129-5E50E59DDBE5}.Debug|Any CPU.Build.0 = Debug|Any CPU
		{AFED2972-656D-4F2B-A129-5E50E59DDBE5}.Release|Any CPU.ActiveCfg = Release|Any CPU
		{AFED2972-656D-4F2B-A129-5E50E59DDBE5}.Release|Any CPU.Build.0 = Release|Any CPU
	EndGlobalSection
	GlobalSection(SolutionProperties) = preSolution
		HideSolutionNode = FALSE
	EndGlobalSection
	GlobalSection(ExtensibilityGlobals) = postSolution
		SolutionGuid = {EC1DFA4E-4196-446C-92D9-F6C8190DFD9A}
	EndGlobalSection
EndGlobal
