
Microsoft Visual Studio Solution File, Format Version 12.00
# Visual Studio Version 17
VisualStudioVersion = 17.1.32421.90
MinimumVisualStudioVersion = 10.0.40219.1
Project("{FAE04EC0-301F-11D3-BF4B-00C04F79EFBC}") = "BasicProgramsCsharp", "BasicProgramsCsharp.csproj", "{12366D62-5B5E-4382-A7F4-B474886146A9}"
EndProject
Global
	GlobalSection(SolutionConfigurationPlatforms) = preSolution
		Debug|Any CPU = Debug|Any CPU
		Release|Any CPU = Release|Any CPU
	EndGlobalSection
	GlobalSection(ProjectConfigurationPlatforms) = postSolution
		{12366D62-5B5E-4382-A7F4-B474886146A9}.Debug|Any CPU.ActiveCfg = Debug|Any CPU
		{12366D62-5B5E-4382-A7F4-B474886146A9}.Debug|Any CPU.Build.0 = Debug|Any CPU
		{12366D62-5B5E-4382-A7F4-B474886146A9}.Release|Any CPU.ActiveCfg = Release|Any CPU
		{12366D62-5B5E-4382-A7F4-B474886146A9}.Release|Any CPU.Build.0 = Release|Any CPU
	EndGlobalSection
	GlobalSection(SolutionProperties) = preSolution
		HideSolutionNode = FALSE
	EndGlobalSection
	GlobalSection(ExtensibilityGlobals) = postSolution
		SolutionGuid = {05520C67-206B-4A27-B08D-AEEAC6CD1D34}
	EndGlobalSection
EndGlobal
