
Microsoft Visual Studio Solution File, Format Version 12.00
# Visual Studio Version 17
VisualStudioVersion = 17.1.32421.90
MinimumVisualStudioVersion = 10.0.40219.1
Project("{FAE04EC0-301F-11D3-BF4B-00C04F79EFBC}") = "Fibonacci", "Fibonacci.csproj", "{4DBEBA89-87C2-4A16-A90F-0A214F8EAFBF}"
EndProject
Project("{FAE04EC0-301F-11D3-BF4B-00C04F79EFBC}") = "ReverseNumber", "..\ReverseNumber\ReverseNumber.csproj", "{EBB2A73C-B9A3-4090-8C55-102F1119726D}"
EndProject
Global
	GlobalSection(SolutionConfigurationPlatforms) = preSolution
		Debug|Any CPU = Debug|Any CPU
		Release|Any CPU = Release|Any CPU
	EndGlobalSection
	GlobalSection(ProjectConfigurationPlatforms) = postSolution
		{4DBEBA89-87C2-4A16-A90F-0A214F8EAFBF}.Debug|Any CPU.ActiveCfg = Debug|Any CPU
		{4DBEBA89-87C2-4A16-A90F-0A214F8EAFBF}.Debug|Any CPU.Build.0 = Debug|Any CPU
		{4DBEBA89-87C2-4A16-A90F-0A214F8EAFBF}.Release|Any CPU.ActiveCfg = Release|Any CPU
		{4DBEBA89-87C2-4A16-A90F-0A214F8EAFBF}.Release|Any CPU.Build.0 = Release|Any CPU
		{EBB2A73C-B9A3-4090-8C55-102F1119726D}.Debug|Any CPU.ActiveCfg = Debug|Any CPU
		{EBB2A73C-B9A3-4090-8C55-102F1119726D}.Debug|Any CPU.Build.0 = Debug|Any CPU
		{EBB2A73C-B9A3-4090-8C55-102F1119726D}.Release|Any CPU.ActiveCfg = Release|Any CPU
		{EBB2A73C-B9A3-4090-8C55-102F1119726D}.Release|Any CPU.Build.0 = Release|Any CPU
	EndGlobalSection
	GlobalSection(SolutionProperties) = preSolution
		HideSolutionNode = FALSE
	EndGlobalSection
	GlobalSection(ExtensibilityGlobals) = postSolution
		SolutionGuid = {35A84C5B-AC3C-4272-BE4C-B4AC43D04D62}
	EndGlobalSection
EndGlobal
